
Microsoft Visual Studio Solution File, Format Version 12.00
# Visual Studio Version 16
VisualStudioVersion = 16.0.32428.217
MinimumVisualStudioVersion = 10.0.40219.1
Project("{8BC9CEB8-8B4A-11D0-8D11-00A0C91BC942}") = "2022_05_18_Zap651_PunterosDePunteros", "2022_05_18_Zap651_PunterosDePunteros.vcxproj", "{03FAB25D-261A-4CFD-820B-4924E0F0CEAC}"
EndProject
Global
	GlobalSection(SolutionConfigurationPlatforms) = preSolution
		Debug|x64 = Debug|x64
		Debug|x86 = Debug|x86
		Release|x64 = Release|x64
		Release|x86 = Release|x86
	EndGlobalSection
	GlobalSection(ProjectConfigurationPlatforms) = postSolution
		{03FAB25D-261A-4CFD-820B-4924E0F0CEAC}.Debug|x64.ActiveCfg = Debug|x64
		{03FAB25D-261A-4CFD-820B-4924E0F0CEAC}.Debug|x64.Build.0 = Debug|x64
		{03FAB25D-261A-4CFD-820B-4924E0F0CEAC}.Debug|x86.ActiveCfg = Debug|Win32
		{03FAB25D-261A-4CFD-820B-4924E0F0CEAC}.Debug|x86.Build.0 = Debug|Win32
		{03FAB25D-261A-4CFD-820B-4924E0F0CEAC}.Release|x64.ActiveCfg = Release|x64
		{03FAB25D-261A-4CFD-820B-4924E0F0CEAC}.Release|x64.Build.0 = Release|x64
		{03FAB25D-261A-4CFD-820B-4924E0F0CEAC}.Release|x86.ActiveCfg = Release|Win32
		{03FAB25D-261A-4CFD-820B-4924E0F0CEAC}.Release|x86.Build.0 = Release|Win32
	EndGlobalSection
	GlobalSection(SolutionProperties) = preSolution
		HideSolutionNode = FALSE
	EndGlobalSection
	GlobalSection(ExtensibilityGlobals) = postSolution
		SolutionGuid = {DCBC4C3D-2383-47F3-BBBA-6F1ED930D104}
	EndGlobalSection
EndGlobal
